// !$*UTF8*$!
{
	archiveVersion = 1;
	classes = {
	};
	objectVersion = 55;
	objects = {

/* Begin PBXBuildFile section */
		88B8855E26FB5AA9008EC7FE /* AppDelegate.swift in Sources */ = {isa = PBXBuildFile; fileRef = 88B8855D26FB5AA9008EC7FE /* AppDelegate.swift */; };
		88B8856026FB5AA9008EC7FE /* SceneDelegate.swift in Sources */ = {isa = PBXBuildFile; fileRef = 88B8855F26FB5AA9008EC7FE /* SceneDelegate.swift */; };
		88B8856726FB5AAB008EC7FE /* Assets.xcassets in Resources */ = {isa = PBXBuildFile; fileRef = 88B8856626FB5AAB008EC7FE /* Assets.xcassets */; };
		88B8856A26FB5AAB008EC7FE /* LaunchScreen.storyboard in Resources */ = {isa = PBXBuildFile; fileRef = 88B8856826FB5AAB008EC7FE /* LaunchScreen.storyboard */; };
		88B8857226FB5B31008EC7FE /* ApiKey.plist in Resources */ = {isa = PBXBuildFile; fileRef = 88B8857126FB5B31008EC7FE /* ApiKey.plist */; };
		88B8857A26FB5CB0008EC7FE /* NetworkManager.swift in Sources */ = {isa = PBXBuildFile; fileRef = 88B8857926FB5CB0008EC7FE /* NetworkManager.swift */; };
		88B8857C26FB5CC4008EC7FE /* Crypto.swift in Sources */ = {isa = PBXBuildFile; fileRef = 88B8857B26FB5CC4008EC7FE /* Crypto.swift */; };
		88B8857E26FB5CED008EC7FE /* CryptoListVC.swift in Sources */ = {isa = PBXBuildFile; fileRef = 88B8857D26FB5CED008EC7FE /* CryptoListVC.swift */; };
		88B8858326FB5D32008EC7FE /* CVLabelsContainer.swift in Sources */ = {isa = PBXBuildFile; fileRef = 88B8858226FB5D32008EC7FE /* CVLabelsContainer.swift */; };
		88B8858526FB5D4D008EC7FE /* CVTitleLabel.swift in Sources */ = {isa = PBXBuildFile; fileRef = 88B8858426FB5D4D008EC7FE /* CVTitleLabel.swift */; };
		88B8858726FB5D59008EC7FE /* CVBodyLabel.swift in Sources */ = {isa = PBXBuildFile; fileRef = 88B8858626FB5D59008EC7FE /* CVBodyLabel.swift */; };
		88B8858926FB5D69008EC7FE /* CVRatioLabel.swift in Sources */ = {isa = PBXBuildFile; fileRef = 88B8858826FB5D69008EC7FE /* CVRatioLabel.swift */; };
		88B8858B26FB5D82008EC7FE /* CVCryptoCell.swift in Sources */ = {isa = PBXBuildFile; fileRef = 88B8858A26FB5D82008EC7FE /* CVCryptoCell.swift */; };
		88B8858D26FB76F3008EC7FE /* CVError.swift in Sources */ = {isa = PBXBuildFile; fileRef = 88B8858C26FB76F3008EC7FE /* CVError.swift */; };
		88B8859026FB8024008EC7FE /* CVButton.swift in Sources */ = {isa = PBXBuildFile; fileRef = 88B8858F26FB8024008EC7FE /* CVButton.swift */; };
		88B8859326FB80D1008EC7FE /* CVAlert.swift in Sources */ = {isa = PBXBuildFile; fileRef = 88B8859226FB80D1008EC7FE /* CVAlert.swift */; };
		88B8859526FB8477008EC7FE /* UIViewController+Ext.swift in Sources */ = {isa = PBXBuildFile; fileRef = 88B8859426FB8477008EC7FE /* UIViewController+Ext.swift */; };
		88B8859926FC92E2008EC7FE /* DetailsVC.swift in Sources */ = {isa = PBXBuildFile; fileRef = 88B8859826FC92E2008EC7FE /* DetailsVC.swift */; };
/* End PBXBuildFile section */

/* Begin PBXFileReference section */
		88B8855A26FB5AA9008EC7FE /* CryptoTracker.app */ = {isa = PBXFileReference; explicitFileType = wrapper.application; includeInIndex = 0; path = CryptoTracker.app; sourceTree = BUILT_PRODUCTS_DIR; };
		88B8855D26FB5AA9008EC7FE /* AppDelegate.swift */ = {isa = PBXFileReference; lastKnownFileType = sourcecode.swift; path = AppDelegate.swift; sourceTree = "<group>"; };
		88B8855F26FB5AA9008EC7FE /* SceneDelegate.swift */ = {isa = PBXFileReference; lastKnownFileType = sourcecode.swift; path = SceneDelegate.swift; sourceTree = "<group>"; };
		88B8856626FB5AAB008EC7FE /* Assets.xcassets */ = {isa = PBXFileReference; lastKnownFileType = folder.assetcatalog; path = Assets.xcassets; sourceTree = "<group>"; };
		88B8856926FB5AAB008EC7FE /* Base */ = {isa = PBXFileReference; lastKnownFileType = file.storyboard; name = Base; path = Base.lproj/LaunchScreen.storyboard; sourceTree = "<group>"; };
		88B8856B26FB5AAB008EC7FE /* Info.plist */ = {isa = PBXFileReference; lastKnownFileType = text.plist.xml; path = Info.plist; sourceTree = "<group>"; };
		88B8857126FB5B31008EC7FE /* ApiKey.plist */ = {isa = PBXFileReference; lastKnownFileType = text.plist.xml; path = ApiKey.plist; sourceTree = "<group>"; };
		88B8857926FB5CB0008EC7FE /* NetworkManager.swift */ = {isa = PBXFileReference; lastKnownFileType = sourcecode.swift; path = NetworkManager.swift; sourceTree = "<group>"; };
		88B8857B26FB5CC4008EC7FE /* Crypto.swift */ = {isa = PBXFileReference; lastKnownFileType = sourcecode.swift; path = Crypto.swift; sourceTree = "<group>"; };
		88B8857D26FB5CED008EC7FE /* CryptoListVC.swift */ = {isa = PBXFileReference; lastKnownFileType = sourcecode.swift; path = CryptoListVC.swift; sourceTree = "<group>"; };
		88B8858226FB5D32008EC7FE /* CVLabelsContainer.swift */ = {isa = PBXFileReference; lastKnownFileType = sourcecode.swift; path = CVLabelsContainer.swift; sourceTree = "<group>"; };
		88B8858426FB5D4D008EC7FE /* CVTitleLabel.swift */ = {isa = PBXFileReference; lastKnownFileType = sourcecode.swift; path = CVTitleLabel.swift; sourceTree = "<group>"; };
		88B8858626FB5D59008EC7FE /* CVBodyLabel.swift */ = {isa = PBXFileReference; lastKnownFileType = sourcecode.swift; path = CVBodyLabel.swift; sourceTree = "<group>"; };
		88B8858826FB5D69008EC7FE /* CVRatioLabel.swift */ = {isa = PBXFileReference; lastKnownFileType = sourcecode.swift; path = CVRatioLabel.swift; sourceTree = "<group>"; };
		88B8858A26FB5D82008EC7FE /* CVCryptoCell.swift */ = {isa = PBXFileReference; lastKnownFileType = sourcecode.swift; path = CVCryptoCell.swift; sourceTree = "<group>"; };
		88B8858C26FB76F3008EC7FE /* CVError.swift */ = {isa = PBXFileReference; lastKnownFileType = sourcecode.swift; path = CVError.swift; sourceTree = "<group>"; };
		88B8858F26FB8024008EC7FE /* CVButton.swift */ = {isa = PBXFileReference; lastKnownFileType = sourcecode.swift; path = CVButton.swift; sourceTree = "<group>"; };
		88B8859226FB80D1008EC7FE /* CVAlert.swift */ = {isa = PBXFileReference; lastKnownFileType = sourcecode.swift; path = CVAlert.swift; sourceTree = "<group>"; };
		88B8859426FB8477008EC7FE /* UIViewController+Ext.swift */ = {isa = PBXFileReference; lastKnownFileType = sourcecode.swift; path = "UIViewController+Ext.swift"; sourceTree = "<group>"; };
		88B8859826FC92E2008EC7FE /* DetailsVC.swift */ = {isa = PBXFileReference; lastKnownFileType = sourcecode.swift; path = DetailsVC.swift; sourceTree = "<group>"; };
/* End PBXFileReference section */

/* Begin PBXFrameworksBuildPhase section */
		88B8855726FB5AA9008EC7FE /* Frameworks */ = {
			isa = PBXFrameworksBuildPhase;
			buildActionMask = 2147483647;
			files = (
			);
			runOnlyForDeploymentPostprocessing = 0;
		};
/* End PBXFrameworksBuildPhase section */

/* Begin PBXGroup section */
		88B8855126FB5AA9008EC7FE = {
			isa = PBXGroup;
			children = (
				88B8855C26FB5AA9008EC7FE /* CryptoTracker */,
				88B8855B26FB5AA9008EC7FE /* Products */,
			);
			sourceTree = "<group>";
		};
		88B8855B26FB5AA9008EC7FE /* Products */ = {
			isa = PBXGroup;
			children = (
				88B8855A26FB5AA9008EC7FE /* CryptoTracker.app */,
			);
			name = Products;
			sourceTree = "<group>";
		};
		88B8855C26FB5AA9008EC7FE /* CryptoTracker */ = {
			isa = PBXGroup;
			children = (
				88B8857826FB5C8D008EC7FE /* Utilities */,
				88B8857726FB5C67008EC7FE /* Managers */,
				88B8857326FB5C4D008EC7FE /* Models */,
				88B8857426FB5C54008EC7FE /* Custom Views */,
				88B8857526FB5C5C008EC7FE /* Controllers */,
				88B8857626FB5C63008EC7FE /* Resources */,
			);
			path = CryptoTracker;
			sourceTree = "<group>";
		};
		88B8857326FB5C4D008EC7FE /* Models */ = {
			isa = PBXGroup;
			children = (
				88B8857B26FB5CC4008EC7FE /* Crypto.swift */,
			);
			path = Models;
			sourceTree = "<group>";
		};
		88B8857426FB5C54008EC7FE /* Custom Views */ = {
			isa = PBXGroup;
			children = (
				88B8859126FB80BE008EC7FE /* Alert */,
				88B8858E26FB8012008EC7FE /* Buttons */,
				88B8858126FB5D05008EC7FE /* Views */,
				88B8858026FB5D01008EC7FE /* Labels */,
				88B8857F26FB5CFB008EC7FE /* Cells */,
			);
			path = "Custom Views";
			sourceTree = "<group>";
		};
		88B8857526FB5C5C008EC7FE /* Controllers */ = {
			isa = PBXGroup;
			children = (
				88B8857D26FB5CED008EC7FE /* CryptoListVC.swift */,
				88B8859826FC92E2008EC7FE /* DetailsVC.swift */,
			);
			path = Controllers;
			sourceTree = "<group>";
		};
		88B8857626FB5C63008EC7FE /* Resources */ = {
			isa = PBXGroup;
			children = (
				88B8856626FB5AAB008EC7FE /* Assets.xcassets */,
				88B8856826FB5AAB008EC7FE /* LaunchScreen.storyboard */,
				88B8856B26FB5AAB008EC7FE /* Info.plist */,
				88B8857126FB5B31008EC7FE /* ApiKey.plist */,
			);
			path = Resources;
			sourceTree = "<group>";
		};
		88B8857726FB5C67008EC7FE /* Managers */ = {
			isa = PBXGroup;
			children = (
				88B8857926FB5CB0008EC7FE /* NetworkManager.swift */,
			);
			path = Managers;
			sourceTree = "<group>";
		};
		88B8857826FB5C8D008EC7FE /* Utilities */ = {
			isa = PBXGroup;
			children = (
				88B8855D26FB5AA9008EC7FE /* AppDelegate.swift */,
				88B8855F26FB5AA9008EC7FE /* SceneDelegate.swift */,
				88B8858C26FB76F3008EC7FE /* CVError.swift */,
				88B8859426FB8477008EC7FE /* UIViewController+Ext.swift */,
			);
			path = Utilities;
			sourceTree = "<group>";
		};
		88B8857F26FB5CFB008EC7FE /* Cells */ = {
			isa = PBXGroup;
			children = (
				88B8858A26FB5D82008EC7FE /* CVCryptoCell.swift */,
			);
			path = Cells;
			sourceTree = "<group>";
		};
		88B8858026FB5D01008EC7FE /* Labels */ = {
			isa = PBXGroup;
			children = (
				88B8858426FB5D4D008EC7FE /* CVTitleLabel.swift */,
				88B8858626FB5D59008EC7FE /* CVBodyLabel.swift */,
				88B8858826FB5D69008EC7FE /* CVRatioLabel.swift */,
			);
			path = Labels;
			sourceTree = "<group>";
		};
		88B8858126FB5D05008EC7FE /* Views */ = {
			isa = PBXGroup;
			children = (
				88B8858226FB5D32008EC7FE /* CVLabelsContainer.swift */,
			);
			path = Views;
			sourceTree = "<group>";
		};
		88B8858E26FB8012008EC7FE /* Buttons */ = {
			isa = PBXGroup;
			children = (
				88B8858F26FB8024008EC7FE /* CVButton.swift */,
			);
			path = Buttons;
			sourceTree = "<group>";
		};
		88B8859126FB80BE008EC7FE /* Alert */ = {
			isa = PBXGroup;
			children = (
				88B8859226FB80D1008EC7FE /* CVAlert.swift */,
			);
			path = Alert;
			sourceTree = "<group>";
		};
/* End PBXGroup section */

/* Begin PBXNativeTarget section */
		88B8855926FB5AA9008EC7FE /* CryptoTracker */ = {
			isa = PBXNativeTarget;
			buildConfigurationList = 88B8856E26FB5AAB008EC7FE /* Build configuration list for PBXNativeTarget "CryptoTracker" */;
			buildPhases = (
				88B8855626FB5AA9008EC7FE /* Sources */,
				88B8855726FB5AA9008EC7FE /* Frameworks */,
				88B8855826FB5AA9008EC7FE /* Resources */,
			);
			buildRules = (
			);
			dependencies = (
			);
			name = CryptoTracker;
			productName = CryptoTracker;
			productReference = 88B8855A26FB5AA9008EC7FE /* CryptoTracker.app */;
			productType = "com.apple.product-type.application";
		};
/* End PBXNativeTarget section */

/* Begin PBXProject section */
		88B8855226FB5AA9008EC7FE /* Project object */ = {
			isa = PBXProject;
			attributes = {
				BuildIndependentTargetsInParallel = 1;
				LastSwiftUpdateCheck = 1300;
				LastUpgradeCheck = 1300;
				TargetAttributes = {
					88B8855926FB5AA9008EC7FE = {
						CreatedOnToolsVersion = 13.0;
					};
				};
			};
			buildConfigurationList = 88B8855526FB5AA9008EC7FE /* Build configuration list for PBXProject "CryptoTracker" */;
			compatibilityVersion = "Xcode 13.0";
			developmentRegion = en;
			hasScannedForEncodings = 0;
			knownRegions = (
				en,
				Base,
			);
			mainGroup = 88B8855126FB5AA9008EC7FE;
			productRefGroup = 88B8855B26FB5AA9008EC7FE /* Products */;
			projectDirPath = "";
			projectRoot = "";
			targets = (
				88B8855926FB5AA9008EC7FE /* CryptoTracker */,
			);
		};
/* End PBXProject section */

/* Begin PBXResourcesBuildPhase section */
		88B8855826FB5AA9008EC7FE /* Resources */ = {
			isa = PBXResourcesBuildPhase;
			buildActionMask = 2147483647;
			files = (
				88B8857226FB5B31008EC7FE /* ApiKey.plist in Resources */,
				88B8856A26FB5AAB008EC7FE /* LaunchScreen.storyboard in Resources */,
				88B8856726FB5AAB008EC7FE /* Assets.xcassets in Resources */,
			);
			runOnlyForDeploymentPostprocessing = 0;
		};
/* End PBXResourcesBuildPhase section */

/* Begin PBXSourcesBuildPhase section */
		88B8855626FB5AA9008EC7FE /* Sources */ = {
			isa = PBXSourcesBuildPhase;
			buildActionMask = 2147483647;
			files = (
				88B8858D26FB76F3008EC7FE /* CVError.swift in Sources */,
				88B8858526FB5D4D008EC7FE /* CVTitleLabel.swift in Sources */,
				88B8859526FB8477008EC7FE /* UIViewController+Ext.swift in Sources */,
				88B8858B26FB5D82008EC7FE /* CVCryptoCell.swift in Sources */,
				88B8859926FC92E2008EC7FE /* DetailsVC.swift in Sources */,
				88B8858926FB5D69008EC7FE /* CVRatioLabel.swift in Sources */,
				88B8859326FB80D1008EC7FE /* CVAlert.swift in Sources */,
				88B8857C26FB5CC4008EC7FE /* Crypto.swift in Sources */,
				88B8858326FB5D32008EC7FE /* CVLabelsContainer.swift in Sources */,
				88B8859026FB8024008EC7FE /* CVButton.swift in Sources */,
				88B8858726FB5D59008EC7FE /* CVBodyLabel.swift in Sources */,
				88B8857A26FB5CB0008EC7FE /* NetworkManager.swift in Sources */,
				88B8855E26FB5AA9008EC7FE /* AppDelegate.swift in Sources */,
				88B8856026FB5AA9008EC7FE /* SceneDelegate.swift in Sources */,
				88B8857E26FB5CED008EC7FE /* CryptoListVC.swift in Sources */,
			);
			runOnlyForDeploymentPostprocessing = 0;
		};
/* End PBXSourcesBuildPhase section */

/* Begin PBXVariantGroup section */
		88B8856826FB5AAB008EC7FE /* LaunchScreen.storyboard */ = {
			isa = PBXVariantGroup;
			children = (
				88B8856926FB5AAB008EC7FE /* Base */,
			);
			name = LaunchScreen.storyboard;
			sourceTree = "<group>";
		};
/* End PBXVariantGroup section */

/* Begin XCBuildConfiguration section */
		88B8856C26FB5AAB008EC7FE /* Debug */ = {
			isa = XCBuildConfiguration;
			buildSettings = {
				ALWAYS_SEARCH_USER_PATHS = NO;
				CLANG_ANALYZER_NONNULL = YES;
				CLANG_ANALYZER_NUMBER_OBJECT_CONVERSION = YES_AGGRESSIVE;
				CLANG_CXX_LANGUAGE_STANDARD = "gnu++17";
				CLANG_CXX_LIBRARY = "libc++";
				CLANG_ENABLE_MODULES = YES;
				CLANG_ENABLE_OBJC_ARC = YES;
				CLANG_ENABLE_OBJC_WEAK = YES;
				CLANG_WARN_BLOCK_CAPTURE_AUTORELEASING = YES;
				CLANG_WARN_BOOL_CONVERSION = YES;
				CLANG_WARN_COMMA = YES;
				CLANG_WARN_CONSTANT_CONVERSION = YES;
				CLANG_WARN_DEPRECATED_OBJC_IMPLEMENTATIONS = YES;
				CLANG_WARN_DIRECT_OBJC_ISA_USAGE = YES_ERROR;
				CLANG_WARN_DOCUMENTATION_COMMENTS = YES;
				CLANG_WARN_EMPTY_BODY = YES;
				CLANG_WARN_ENUM_CONVERSION = YES;
				CLANG_WARN_INFINITE_RECURSION = YES;
				CLANG_WARN_INT_CONVERSION = YES;
				CLANG_WARN_NON_LITERAL_NULL_CONVERSION = YES;
				CLANG_WARN_OBJC_IMPLICIT_RETAIN_SELF = YES;
				CLANG_WARN_OBJC_LITERAL_CONVERSION = YES;
				CLANG_WARN_OBJC_ROOT_CLASS = YES_ERROR;
				CLANG_WARN_QUOTED_INCLUDE_IN_FRAMEWORK_HEADER = YES;
				CLANG_WARN_RANGE_LOOP_ANALYSIS = YES;
				CLANG_WARN_STRICT_PROTOTYPES = YES;
				CLANG_WARN_SUSPICIOUS_MOVE = YES;
				CLANG_WARN_UNGUARDED_AVAILABILITY = YES_AGGRESSIVE;
				CLANG_WARN_UNREACHABLE_CODE = YES;
				CLANG_WARN__DUPLICATE_METHOD_MATCH = YES;
				COPY_PHASE_STRIP = NO;
				DEBUG_INFORMATION_FORMAT = dwarf;
				ENABLE_STRICT_OBJC_MSGSEND = YES;
				ENABLE_TESTABILITY = YES;
				GCC_C_LANGUAGE_STANDARD = gnu11;
				GCC_DYNAMIC_NO_PIC = NO;
				GCC_NO_COMMON_BLOCKS = YES;
				GCC_OPTIMIZATION_LEVEL = 0;
				GCC_PREPROCESSOR_DEFINITIONS = (
					"DEBUG=1",
					"$(inherited)",
				);
				GCC_WARN_64_TO_32_BIT_CONVERSION = YES;
				GCC_WARN_ABOUT_RETURN_TYPE = YES_ERROR;
				GCC_WARN_UNDECLARED_SELECTOR = YES;
				GCC_WARN_UNINITIALIZED_AUTOS = YES_AGGRESSIVE;
				GCC_WARN_UNUSED_FUNCTION = YES;
				GCC_WARN_UNUSED_VARIABLE = YES;
				IPHONEOS_DEPLOYMENT_TARGET = 15.0;
				MTL_ENABLE_DEBUG_INFO = INCLUDE_SOURCE;
				MTL_FAST_MATH = YES;
				ONLY_ACTIVE_ARCH = YES;
				SDKROOT = iphoneos;
				SWIFT_ACTIVE_COMPILATION_CONDITIONS = DEBUG;
				SWIFT_OPTIMIZATION_LEVEL = "-Onone";
			};
			name = Debug;
		};
		88B8856D26FB5AAB008EC7FE /* Release */ = {
			isa = XCBuildConfiguration;
			buildSettings = {
				ALWAYS_SEARCH_USER_PATHS = NO;
				CLANG_ANALYZER_NONNULL = YES;
				CLANG_ANALYZER_NUMBER_OBJECT_CONVERSION = YES_AGGRESSIVE;
				CLANG_CXX_LANGUAGE_STANDARD = "gnu++17";
				CLANG_CXX_LIBRARY = "libc++";
				CLANG_ENABLE_MODULES = YES;
				CLANG_ENABLE_OBJC_ARC = YES;
				CLANG_ENABLE_OBJC_WEAK = YES;
				CLANG_WARN_BLOCK_CAPTURE_AUTORELEASING = YES;
				CLANG_WARN_BOOL_CONVERSION = YES;
				CLANG_WARN_COMMA = YES;
				CLANG_WARN_CONSTANT_CONVERSION = YES;
				CLANG_WARN_DEPRECATED_OBJC_IMPLEMENTATIONS = YES;
				CLANG_WARN_DIRECT_OBJC_ISA_USAGE = YES_ERROR;
				CLANG_WARN_DOCUMENTATION_COMMENTS = YES;
				CLANG_WARN_EMPTY_BODY = YES;
				CLANG_WARN_ENUM_CONVERSION = YES;
				CLANG_WARN_INFINITE_RECURSION = YES;
				CLANG_WARN_INT_CONVERSION = YES;
				CLANG_WARN_NON_LITERAL_NULL_CONVERSION = YES;
				CLANG_WARN_OBJC_IMPLICIT_RETAIN_SELF = YES;
				CLANG_WARN_OBJC_LITERAL_CONVERSION = YES;
				CLANG_WARN_OBJC_ROOT_CLASS = YES_ERROR;
				CLANG_WARN_QUOTED_INCLUDE_IN_FRAMEWORK_HEADER = YES;
				CLANG_WARN_RANGE_LOOP_ANALYSIS = YES;
				CLANG_WARN_STRICT_PROTOTYPES = YES;
				CLANG_WARN_SUSPICIOUS_MOVE = YES;
				CLANG_WARN_UNGUARDED_AVAILABILITY = YES_AGGRESSIVE;
				CLANG_WARN_UNREACHABLE_CODE = YES;
				CLANG_WARN__DUPLICATE_METHOD_MATCH = YES;
				COPY_PHASE_STRIP = NO;
				DEBUG_INFORMATION_FORMAT = "dwarf-with-dsym";
				ENABLE_NS_ASSERTIONS = NO;
				ENABLE_STRICT_OBJC_MSGSEND = YES;
				GCC_C_LANGUAGE_STANDARD = gnu11;
				GCC_NO_COMMON_BLOCKS = YES;
				GCC_WARN_64_TO_32_BIT_CONVERSION = YES;
				GCC_WARN_ABOUT_RETURN_TYPE = YES_ERROR;
				GCC_WARN_UNDECLARED_SELECTOR = YES;
				GCC_WARN_UNINITIALIZED_AUTOS = YES_AGGRESSIVE;
				GCC_WARN_UNUSED_FUNCTION = YES;
				GCC_WARN_UNUSED_VARIABLE = YES;
				IPHONEOS_DEPLOYMENT_TARGET = 15.0;
				MTL_ENABLE_DEBUG_INFO = NO;
				MTL_FAST_MATH = YES;
				SDKROOT = iphoneos;
				SWIFT_COMPILATION_MODE = wholemodule;
				SWIFT_OPTIMIZATION_LEVEL = "-O";
				VALIDATE_PRODUCT = YES;
			};
			name = Release;
		};
		88B8856F26FB5AAB008EC7FE /* Debug */ = {
			isa = XCBuildConfiguration;
			buildSettings = {
				ASSETCATALOG_COMPILER_APPICON_NAME = AppIcon;
				ASSETCATALOG_COMPILER_GLOBAL_ACCENT_COLOR_NAME = AccentColor;
				CODE_SIGN_STYLE = Automatic;
				CURRENT_PROJECT_VERSION = 1;
				DEVELOPMENT_TEAM = 8Y8FFN6N8G;
				GENERATE_INFOPLIST_FILE = YES;
				INFOPLIST_FILE = CryptoTracker/Resources/Info.plist;
				INFOPLIST_KEY_UIApplicationSupportsIndirectInputEvents = YES;
				INFOPLIST_KEY_UILaunchStoryboardName = LaunchScreen;
				INFOPLIST_KEY_UISupportedInterfaceOrientations = UIInterfaceOrientationPortrait;
				INFOPLIST_KEY_UISupportedInterfaceOrientations_iPad = "UIInterfaceOrientationPortrait UIInterfaceOrientationPortraitUpsideDown UIInterfaceOrientationLandscapeLeft UIInterfaceOrientationLandscapeRight";
				INFOPLIST_KEY_UISupportedInterfaceOrientations_iPhone = "UIInterfaceOrientationPortrait UIInterfaceOrientationLandscapeLeft UIInterfaceOrientationLandscapeRight";
				IPHONEOS_DEPLOYMENT_TARGET = 13.1;
				LD_RUNPATH_SEARCH_PATHS = (
					"$(inherited)",
					"@executable_path/Frameworks",
				);
				MARKETING_VERSION = 1.0;
				PRODUCT_BUNDLE_IDENTIFIER = com.dev.jakubkociucki.CryptoTracker;
				PRODUCT_NAME = "$(TARGET_NAME)";
				SWIFT_EMIT_LOC_STRINGS = YES;
				SWIFT_VERSION = 5.0;
				TARGETED_DEVICE_FAMILY = 1;
			};
			name = Debug;
		};
		88B8857026FB5AAB008EC7FE /* Release */ = {
			isa = XCBuildConfiguration;
			buildSettings = {
				ASSETCATALOG_COMPILER_APPICON_NAME = AppIcon;
				ASSETCATALOG_COMPILER_GLOBAL_ACCENT_COLOR_NAME = AccentColor;
				CODE_SIGN_STYLE = Automatic;
				CURRENT_PROJECT_VERSION = 1;
				DEVELOPMENT_TEAM = 8Y8FFN6N8G;
				GENERATE_INFOPLIST_FILE = YES;
				INFOPLIST_FILE = CryptoTracker/Resources/Info.plist;
				INFOPLIST_KEY_UIApplicationSupportsIndirectInputEvents = YES;
				INFOPLIST_KEY_UILaunchStoryboardName = LaunchScreen;
				INFOPLIST_KEY_UISupportedInterfaceOrientations = UIInterfaceOrientationPortrait;
				INFOPLIST_KEY_UISupportedInterfaceOrientations_iPad = "UIInterfaceOrientationPortrait UIInterfaceOrientationPortraitUpsideDown UIInterfaceOrientationLandscapeLeft UIInterfaceOrientationLandscapeRight";
				INFOPLIST_KEY_UISupportedInterfaceOrientations_iPhone = "UIInterfaceOrientationPortrait UIInterfaceOrientationLandscapeLeft UIInterfaceOrientationLandscapeRight";
				IPHONEOS_DEPLOYMENT_TARGET = 13.1;
				LD_RUNPATH_SEARCH_PATHS = (
					"$(inherited)",
					"@executable_path/Frameworks",
				);
				MARKETING_VERSION = 1.0;
				PRODUCT_BUNDLE_IDENTIFIER = com.dev.jakubkociucki.CryptoTracker;
				PRODUCT_NAME = "$(TARGET_NAME)";
				SWIFT_EMIT_LOC_STRINGS = YES;
				SWIFT_VERSION = 5.0;
				TARGETED_DEVICE_FAMILY = 1;
			};
			name = Release;
		};
/* End XCBuildConfiguration section */

/* Begin XCConfigurationList section */
		88B8855526FB5AA9008EC7FE /* Build configuration list for PBXProject "CryptoTracker" */ = {
			isa = XCConfigurationList;
			buildConfigurations = (
				88B8856C26FB5AAB008EC7FE /* Debug */,
				88B8856D26FB5AAB008EC7FE /* Release */,
			);
			defaultConfigurationIsVisible = 0;
			defaultConfigurationName = Release;
		};
		88B8856E26FB5AAB008EC7FE /* Build configuration list for PBXNativeTarget "CryptoTracker" */ = {
			isa = XCConfigurationList;
			buildConfigurations = (
				88B8856F26FB5AAB008EC7FE /* Debug */,
				88B8857026FB5AAB008EC7FE /* Release */,
			);
			defaultConfigurationIsVisible = 0;
			defaultConfigurationName = Release;
		};
/* End XCConfigurationList section */
	};
	rootObject = 88B8855226FB5AA9008EC7FE /* Project object */;
}
